
Microsoft Visual Studio Solution File, Format Version 12.00
# Visual Studio Version 17
VisualStudioVersion = 17.7.34024.191
MinimumVisualStudioVersion = 10.0.40219.1
Project("{9A19103F-16F7-4668-BE54-9A1E7A4F7556}") = "Server", "..\Server\Server.csproj", "{0746F80F-D2A3-4784-82E9-225FCD0B6E67}"
EndProject
Project("{9A19103F-16F7-4668-BE54-9A1E7A4F7556}") = "Shared", "..\Shared\Shared.csproj", "{188B3BB7-15FE-47C2-A2C1-1E2810E51145}"
EndProject
Project("{9A19103F-16F7-4668-BE54-9A1E7A4F7556}") = "Client", "..\BlazorApp4\Client.csproj", "{1F5095AC-EB53-4D45-B48A-476AD6652782}"
EndProject
Global
	GlobalSection(SolutionConfigurationPlatforms) = preSolution
		Debug|Any CPU = Debug|Any CPU
		Release|Any CPU = Release|Any CPU
	EndGlobalSection
	GlobalSection(ProjectConfigurationPlatforms) = postSolution
		{0746F80F-D2A3-4784-82E9-225FCD0B6E67}.Debug|Any CPU.ActiveCfg = Debug|Any CPU
		{0746F80F-D2A3-4784-82E9-225FCD0B6E67}.Debug|Any CPU.Build.0 = Debug|Any CPU
		{0746F80F-D2A3-4784-82E9-225FCD0B6E67}.Release|Any CPU.ActiveCfg = Release|Any CPU
		{0746F80F-D2A3-4784-82E9-225FCD0B6E67}.Release|Any CPU.Build.0 = Release|Any CPU
		{188B3BB7-15FE-47C2-A2C1-1E2810E51145}.Debug|Any CPU.ActiveCfg = Debug|Any CPU
		{188B3BB7-15FE-47C2-A2C1-1E2810E51145}.Debug|Any CPU.Build.0 = Debug|Any CPU
		{188B3BB7-15FE-47C2-A2C1-1E2810E51145}.Release|Any CPU.ActiveCfg = Release|Any CPU
		{188B3BB7-15FE-47C2-A2C1-1E2810E51145}.Release|Any CPU.Build.0 = Release|Any CPU
		{1F5095AC-EB53-4D45-B48A-476AD6652782}.Debug|Any CPU.ActiveCfg = Debug|Any CPU
		{1F5095AC-EB53-4D45-B48A-476AD6652782}.Debug|Any CPU.Build.0 = Debug|Any CPU
		{1F5095AC-EB53-4D45-B48A-476AD6652782}.Release|Any CPU.ActiveCfg = Release|Any CPU
		{1F5095AC-EB53-4D45-B48A-476AD6652782}.Release|Any CPU.Build.0 = Release|Any CPU
	EndGlobalSection
	GlobalSection(SolutionProperties) = preSolution
		HideSolutionNode = FALSE
	EndGlobalSection
	GlobalSection(ExtensibilityGlobals) = postSolution
		SolutionGuid = {4700836E-D755-426E-8450-EE26B35ABCD0}
	EndGlobalSection
EndGlobal
